
Microsoft Visual Studio Solution File, Format Version 12.00
# Visual Studio 14
VisualStudioVersion = 14.0.25420.1
MinimumVisualStudioVersion = 10.0.40219.1
Project("{2150E333-8FDC-42A3-9474-1A3956D46DE8}") = "Engine", "Engine", "{6090A1DA-9476-41AF-A281-DE022838024C}"
EndProject
Project("{2150E333-8FDC-42A3-9474-1A3956D46DE8}") = "Games", "Games", "{4327F286-31A1-44FC-A978-681AECB3246B}"
EndProject
Project("{8BC9CEB8-8B4A-11D0-8D11-00A0C91BC942}") = "UE4", "Intermediate\ProjectFiles\UE4.vcxproj", "{7DAB0792-22FC-456F-9FEB-3A2685157129}"
EndProject
Project("{8BC9CEB8-8B4A-11D0-8D11-00A0C91BC942}") = "BuildingEscape", "Intermediate\ProjectFiles\BuildingEscape.vcxproj", "{E640B5D1-7EA7-43B2-9D02-BC589A253FCB}"
EndProject
Global
	GlobalSection(SolutionConfigurationPlatforms) = preSolution
		DebugGame Editor|HTML5 = DebugGame Editor|HTML5
		DebugGame Editor|IOS = DebugGame Editor|IOS
		DebugGame Editor|Win32 = DebugGame Editor|Win32
		DebugGame Editor|Win64 = DebugGame Editor|Win64
		DebugGame|HTML5 = DebugGame|HTML5
		DebugGame|IOS = DebugGame|IOS
		DebugGame|Win32 = DebugGame|Win32
		DebugGame|Win64 = DebugGame|Win64
		Development Editor|HTML5 = Development Editor|HTML5
		Development Editor|IOS = Development Editor|IOS
		Development Editor|Win32 = Development Editor|Win32
		Development Editor|Win64 = Development Editor|Win64
		Development|HTML5 = Development|HTML5
		Development|IOS = Development|IOS
		Development|Win32 = Development|Win32
		Development|Win64 = Development|Win64
		Shipping|HTML5 = Shipping|HTML5
		Shipping|IOS = Shipping|IOS
		Shipping|Win32 = Shipping|Win32
		Shipping|Win64 = Shipping|Win64
	EndGlobalSection
	GlobalSection(ProjectConfigurationPlatforms) = postSolution
		{7DAB0792-22FC-456F-9FEB-3A2685157129}.DebugGame Editor|HTML5.ActiveCfg = BuiltWithUnrealBuildTool|Win32
		{7DAB0792-22FC-456F-9FEB-3A2685157129}.DebugGame Editor|HTML5.Build.0 = BuiltWithUnrealBuildTool|Win32
		{7DAB0792-22FC-456F-9FEB-3A2685157129}.DebugGame Editor|IOS.ActiveCfg = BuiltWithUnrealBuildTool|Win32
		{7DAB0792-22FC-456F-9FEB-3A2685157129}.DebugGame Editor|IOS.Build.0 = BuiltWithUnrealBuildTool|Win32
		{7DAB0792-22FC-456F-9FEB-3A2685157129}.DebugGame Editor|Win32.ActiveCfg = BuiltWithUnrealBuildTool|Win32
		{7DAB0792-22FC-456F-9FEB-3A2685157129}.DebugGame Editor|Win32.Build.0 = BuiltWithUnrealBuildTool|Win32
		{7DAB0792-22FC-456F-9FEB-3A2685157129}.DebugGame Editor|Win64.ActiveCfg = BuiltWithUnrealBuildTool|Win32
		{7DAB0792-22FC-456F-9FEB-3A2685157129}.DebugGame Editor|Win64.Build.0 = BuiltWithUnrealBuildTool|Win32
		{7DAB0792-22FC-456F-9FEB-3A2685157129}.DebugGame|HTML5.ActiveCfg = BuiltWithUnrealBuildTool|Win32
		{7DAB0792-22FC-456F-9FEB-3A2685157129}.DebugGame|HTML5.Build.0 = BuiltWithUnrealBuildTool|Win32
		{7DAB0792-22FC-456F-9FEB-3A2685157129}.DebugGame|IOS.ActiveCfg = BuiltWithUnrealBuildTool|Win32
		{7DAB0792-22FC-456F-9FEB-3A2685157129}.DebugGame|IOS.Build.0 = BuiltWithUnrealBuildTool|Win32
		{7DAB0792-22FC-456F-9FEB-3A2685157129}.DebugGame|Win32.ActiveCfg = BuiltWithUnrealBuildTool|Win32
		{7DAB0792-22FC-456F-9FEB-3A2685157129}.DebugGame|Win32.Build.0 = BuiltWithUnrealBuildTool|Win32
		{7DAB0792-22FC-456F-9FEB-3A2685157129}.DebugGame|Win64.ActiveCfg = BuiltWithUnrealBuildTool|Win32
		{7DAB0792-22FC-456F-9FEB-3A2685157129}.DebugGame|Win64.Build.0 = BuiltWithUnrealBuildTool|Win32
		{7DAB0792-22FC-456F-9FEB-3A2685157129}.Development Editor|HTML5.ActiveCfg = BuiltWithUnrealBuildTool|Win32
		{7DAB0792-22FC-456F-9FEB-3A2685157129}.Development Editor|HTML5.Build.0 = BuiltWithUnrealBuildTool|Win32
		{7DAB0792-22FC-456F-9FEB-3A2685157129}.Development Editor|IOS.ActiveCfg = BuiltWithUnrealBuildTool|Win32
		{7DAB0792-22FC-456F-9FEB-3A2685157129}.Development Editor|IOS.Build.0 = BuiltWithUnrealBuildTool|Win32
		{7DAB0792-22FC-456F-9FEB-3A2685157129}.Development Editor|Win32.ActiveCfg = BuiltWithUnrealBuildTool|Win32
		{7DAB0792-22FC-456F-9FEB-3A2685157129}.Development Editor|Win32.Build.0 = BuiltWithUnrealBuildTool|Win32
		{7DAB0792-22FC-456F-9FEB-3A2685157129}.Development Editor|Win64.ActiveCfg = BuiltWithUnrealBuildTool|Win32
		{7DAB0792-22FC-456F-9FEB-3A2685157129}.Development Editor|Win64.Build.0 = BuiltWithUnrealBuildTool|Win32
		{7DAB0792-22FC-456F-9FEB-3A2685157129}.Development|HTML5.ActiveCfg = BuiltWithUnrealBuildTool|Win32
		{7DAB0792-22FC-456F-9FEB-3A2685157129}.Development|HTML5.Build.0 = BuiltWithUnrealBuildTool|Win32
		{7DAB0792-22FC-456F-9FEB-3A2685157129}.Development|IOS.ActiveCfg = BuiltWithUnrealBuildTool|Win32
		{7DAB0792-22FC-456F-9FEB-3A2685157129}.Development|IOS.Build.0 = BuiltWithUnrealBuildTool|Win32
		{7DAB0792-22FC-456F-9FEB-3A2685157129}.Development|Win32.ActiveCfg = BuiltWithUnrealBuildTool|Win32
		{7DAB0792-22FC-456F-9FEB-3A2685157129}.Development|Win32.Build.0 = BuiltWithUnrealBuildTool|Win32
		{7DAB0792-22FC-456F-9FEB-3A2685157129}.Development|Win64.ActiveCfg = BuiltWithUnrealBuildTool|Win32
		{7DAB0792-22FC-456F-9FEB-3A2685157129}.Development|Win64.Build.0 = BuiltWithUnrealBuildTool|Win32
		{7DAB0792-22FC-456F-9FEB-3A2685157129}.Shipping|HTML5.ActiveCfg = BuiltWithUnrealBuildTool|Win32
		{7DAB0792-22FC-456F-9FEB-3A2685157129}.Shipping|HTML5.Build.0 = BuiltWithUnrealBuildTool|Win32
		{7DAB0792-22FC-456F-9FEB-3A2685157129}.Shipping|IOS.ActiveCfg = BuiltWithUnrealBuildTool|Win32
		{7DAB0792-22FC-456F-9FEB-3A2685157129}.Shipping|IOS.Build.0 = BuiltWithUnrealBuildTool|Win32
		{7DAB0792-22FC-456F-9FEB-3A2685157129}.Shipping|Win32.ActiveCfg = BuiltWithUnrealBuildTool|Win32
		{7DAB0792-22FC-456F-9FEB-3A2685157129}.Shipping|Win32.Build.0 = BuiltWithUnrealBuildTool|Win32
		{7DAB0792-22FC-456F-9FEB-3A2685157129}.Shipping|Win64.ActiveCfg = BuiltWithUnrealBuildTool|Win32
		{7DAB0792-22FC-456F-9FEB-3A2685157129}.Shipping|Win64.Build.0 = BuiltWithUnrealBuildTool|Win32
		{E640B5D1-7EA7-43B2-9D02-BC589A253FCB}.DebugGame Editor|HTML5.ActiveCfg = HTML5_DebugGame_Editor|Win32
		{E640B5D1-7EA7-43B2-9D02-BC589A253FCB}.DebugGame Editor|IOS.ActiveCfg = IOS_DebugGame_Editor|Win32
		{E640B5D1-7EA7-43B2-9D02-BC589A253FCB}.DebugGame Editor|Win32.ActiveCfg = DebugGame_Editor|Win32
		{E640B5D1-7EA7-43B2-9D02-BC589A253FCB}.DebugGame Editor|Win64.ActiveCfg = DebugGame_Editor|x64
		{E640B5D1-7EA7-43B2-9D02-BC589A253FCB}.DebugGame Editor|Win64.Build.0 = DebugGame_Editor|x64
		{E640B5D1-7EA7-43B2-9D02-BC589A253FCB}.DebugGame|HTML5.ActiveCfg = HTML5_DebugGame_Game|Win32
		{E640B5D1-7EA7-43B2-9D02-BC589A253FCB}.DebugGame|HTML5.Build.0 = HTML5_DebugGame_Game|Win32
		{E640B5D1-7EA7-43B2-9D02-BC589A253FCB}.DebugGame|IOS.ActiveCfg = IOS_DebugGame_Game|Win32
		{E640B5D1-7EA7-43B2-9D02-BC589A253FCB}.DebugGame|IOS.Build.0 = IOS_DebugGame_Game|Win32
		{E640B5D1-7EA7-43B2-9D02-BC589A253FCB}.DebugGame|Win32.ActiveCfg = DebugGame_Game|Win32
		{E640B5D1-7EA7-43B2-9D02-BC589A253FCB}.DebugGame|Win32.Build.0 = DebugGame_Game|Win32
		{E640B5D1-7EA7-43B2-9D02-BC589A253FCB}.DebugGame|Win64.ActiveCfg = DebugGame_Game|x64
		{E640B5D1-7EA7-43B2-9D02-BC589A253FCB}.DebugGame|Win64.Build.0 = DebugGame_Game|x64
		{E640B5D1-7EA7-43B2-9D02-BC589A253FCB}.Development Editor|HTML5.ActiveCfg = HTML5_Development_Editor|Win32
		{E640B5D1-7EA7-43B2-9D02-BC589A253FCB}.Development Editor|IOS.ActiveCfg = IOS_Development_Editor|Win32
		{E640B5D1-7EA7-43B2-9D02-BC589A253FCB}.Development Editor|Win32.ActiveCfg = Development_Editor|Win32
		{E640B5D1-7EA7-43B2-9D02-BC589A253FCB}.Development Editor|Win64.ActiveCfg = Development_Editor|x64
		{E640B5D1-7EA7-43B2-9D02-BC589A253FCB}.Development Editor|Win64.Build.0 = Development_Editor|x64
		{E640B5D1-7EA7-43B2-9D02-BC589A253FCB}.Development|HTML5.ActiveCfg = HTML5_Development_Game|Win32
		{E640B5D1-7EA7-43B2-9D02-BC589A253FCB}.Development|HTML5.Build.0 = HTML5_Development_Game|Win32
		{E640B5D1-7EA7-43B2-9D02-BC589A253FCB}.Development|IOS.ActiveCfg = IOS_Development_Game|Win32
		{E640B5D1-7EA7-43B2-9D02-BC589A253FCB}.Development|IOS.Build.0 = IOS_Development_Game|Win32
		{E640B5D1-7EA7-43B2-9D02-BC589A253FCB}.Development|Win32.ActiveCfg = Development_Game|Win32
		{E640B5D1-7EA7-43B2-9D02-BC589A253FCB}.Development|Win32.Build.0 = Development_Game|Win32
		{E640B5D1-7EA7-43B2-9D02-BC589A253FCB}.Development|Win64.ActiveCfg = Development_Game|x64
		{E640B5D1-7EA7-43B2-9D02-BC589A253FCB}.Development|Win64.Build.0 = Development_Game|x64
		{E640B5D1-7EA7-43B2-9D02-BC589A253FCB}.Shipping|HTML5.ActiveCfg = HTML5_Shipping_Game|Win32
		{E640B5D1-7EA7-43B2-9D02-BC589A253FCB}.Shipping|HTML5.Build.0 = HTML5_Shipping_Game|Win32
		{E640B5D1-7EA7-43B2-9D02-BC589A253FCB}.Shipping|IOS.ActiveCfg = IOS_Shipping_Game|Win32
		{E640B5D1-7EA7-43B2-9D02-BC589A253FCB}.Shipping|IOS.Build.0 = IOS_Shipping_Game|Win32
		{E640B5D1-7EA7-43B2-9D02-BC589A253FCB}.Shipping|Win32.ActiveCfg = Shipping_Game|Win32
		{E640B5D1-7EA7-43B2-9D02-BC589A253FCB}.Shipping|Win32.Build.0 = Shipping_Game|Win32
		{E640B5D1-7EA7-43B2-9D02-BC589A253FCB}.Shipping|Win64.ActiveCfg = Shipping_Game|x64
		{E640B5D1-7EA7-43B2-9D02-BC589A253FCB}.Shipping|Win64.Build.0 = Shipping_Game|x64
	EndGlobalSection
	GlobalSection(SolutionProperties) = preSolution
		HideSolutionNode = FALSE
	EndGlobalSection
	GlobalSection(NestedProjects) = preSolution
		{7DAB0792-22FC-456F-9FEB-3A2685157129} = {6090A1DA-9476-41AF-A281-DE022838024C}
		{E640B5D1-7EA7-43B2-9D02-BC589A253FCB} = {4327F286-31A1-44FC-A978-681AECB3246B}
	EndGlobalSection
EndGlobal
